
Microsoft Visual Studio Solution File, Format Version 12.00
# Visual Studio Version 17
VisualStudioVersion = 17.8.34322.80
MinimumVisualStudioVersion = 10.0.40219.1
Project("{9A19103F-16F7-4668-BE54-9A1E7A4F7556}") = "PecqBoxingClub", "PecqBoxingClub\PecqBoxingClub.csproj", "{1011E391-9CD8-4D4B-BD72-BFFE50ED3335}"
EndProject
Project("{9A19103F-16F7-4668-BE54-9A1E7A4F7556}") = "Configuration", "Configuration\Configuration.csproj", "{13A1823A-E4A9-4E7A-BC46-798D28AF29A2}"
EndProject
Project("{9A19103F-16F7-4668-BE54-9A1E7A4F7556}") = "Core", "Core\Core.csproj", "{98A7EC79-D2C6-489D-B1CE-143A8E078D49}"
EndProject
Project("{00D1A9C2-B5F0-4AF3-8072-F6C62B433612}") = "Database", "Database\Database.sqlproj", "{70E7F32F-CEF0-47FC-B6AD-47B329EF49BC}"
EndProject
Global
	GlobalSection(SolutionConfigurationPlatforms) = preSolution
		Debug|Any CPU = Debug|Any CPU
		Release|Any CPU = Release|Any CPU
	EndGlobalSection
	GlobalSection(ProjectConfigurationPlatforms) = postSolution
		{1011E391-9CD8-4D4B-BD72-BFFE50ED3335}.Debug|Any CPU.ActiveCfg = Debug|Any CPU
		{1011E391-9CD8-4D4B-BD72-BFFE50ED3335}.Debug|Any CPU.Build.0 = Debug|Any CPU
		{1011E391-9CD8-4D4B-BD72-BFFE50ED3335}.Release|Any CPU.ActiveCfg = Release|Any CPU
		{1011E391-9CD8-4D4B-BD72-BFFE50ED3335}.Release|Any CPU.Build.0 = Release|Any CPU
		{13A1823A-E4A9-4E7A-BC46-798D28AF29A2}.Debug|Any CPU.ActiveCfg = Debug|Any CPU
		{13A1823A-E4A9-4E7A-BC46-798D28AF29A2}.Debug|Any CPU.Build.0 = Debug|Any CPU
		{13A1823A-E4A9-4E7A-BC46-798D28AF29A2}.Release|Any CPU.ActiveCfg = Release|Any CPU
		{13A1823A-E4A9-4E7A-BC46-798D28AF29A2}.Release|Any CPU.Build.0 = Release|Any CPU
		{98A7EC79-D2C6-489D-B1CE-143A8E078D49}.Debug|Any CPU.ActiveCfg = Debug|Any CPU
		{98A7EC79-D2C6-489D-B1CE-143A8E078D49}.Debug|Any CPU.Build.0 = Debug|Any CPU
		{98A7EC79-D2C6-489D-B1CE-143A8E078D49}.Release|Any CPU.ActiveCfg = Release|Any CPU
		{98A7EC79-D2C6-489D-B1CE-143A8E078D49}.Release|Any CPU.Build.0 = Release|Any CPU
		{70E7F32F-CEF0-47FC-B6AD-47B329EF49BC}.Debug|Any CPU.ActiveCfg = Debug|Any CPU
		{70E7F32F-CEF0-47FC-B6AD-47B329EF49BC}.Debug|Any CPU.Build.0 = Debug|Any CPU
		{70E7F32F-CEF0-47FC-B6AD-47B329EF49BC}.Debug|Any CPU.Deploy.0 = Debug|Any CPU
		{70E7F32F-CEF0-47FC-B6AD-47B329EF49BC}.Release|Any CPU.ActiveCfg = Release|Any CPU
		{70E7F32F-CEF0-47FC-B6AD-47B329EF49BC}.Release|Any CPU.Build.0 = Release|Any CPU
		{70E7F32F-CEF0-47FC-B6AD-47B329EF49BC}.Release|Any CPU.Deploy.0 = Release|Any CPU
	EndGlobalSection
	GlobalSection(SolutionProperties) = preSolution
		HideSolutionNode = FALSE
	EndGlobalSection
	GlobalSection(ExtensibilityGlobals) = postSolution
		SolutionGuid = {83925F81-2FB6-4837-9D36-A16A2E3DB7D5}
	EndGlobalSection
EndGlobal
