
Microsoft Visual Studio Solution File, Format Version 12.00
# Visual Studio Version 17
VisualStudioVersion = 17.8.34322.80
MinimumVisualStudioVersion = 10.0.40219.1
Project("{FAE04EC0-301F-11D3-BF4B-00C04F79EFBC}") = "PecqBoxingClub", "PecqBoxingClub\PecqBoxingClub.csproj", "{1011E391-9CD8-4D4B-BD72-BFFE50ED3335}"
EndProject
Global
	GlobalSection(SolutionConfigurationPlatforms) = preSolution
		Debug|Any CPU = Debug|Any CPU
		Release|Any CPU = Release|Any CPU
	EndGlobalSection
	GlobalSection(ProjectConfigurationPlatforms) = postSolution
		{1011E391-9CD8-4D4B-BD72-BFFE50ED3335}.Debug|Any CPU.ActiveCfg = Debug|Any CPU
		{1011E391-9CD8-4D4B-BD72-BFFE50ED3335}.Debug|Any CPU.Build.0 = Debug|Any CPU
		{1011E391-9CD8-4D4B-BD72-BFFE50ED3335}.Release|Any CPU.ActiveCfg = Release|Any CPU
		{1011E391-9CD8-4D4B-BD72-BFFE50ED3335}.Release|Any CPU.Build.0 = Release|Any CPU
	EndGlobalSection
	GlobalSection(SolutionProperties) = preSolution
		HideSolutionNode = FALSE
	EndGlobalSection
	GlobalSection(ExtensibilityGlobals) = postSolution
		SolutionGuid = {83925F81-2FB6-4837-9D36-A16A2E3DB7D5}
	EndGlobalSection
EndGlobal
